# This file is automatically @generated by Cargo.
# It is not intended for manual editing.
version = 3

[[package]]
name = "ZSE"
version = "0.1.0"
dependencies = [
 "unitn_market_2022",
]

[[package]]
name = "unitn_market_2022"
version = "0.1.2"
source = "registry+git://advancedprogramming.disi.unitn.it/index"
checksum = "96a4aaccc342fdea19e92ad913377c39b2400218d93d1e990c20387662f763a6"
